
Microsoft Visual Studio Solution File, Format Version 12.00
# Visual Studio Version 16
VisualStudioVersion = 16.0.31025.194
MinimumVisualStudioVersion = 10.0.40219.1
Project("{FAE04EC0-301F-11D3-BF4B-00C04F79EFBC}") = "StudentApp", "StudentApp\StudentApp.csproj", "{B7DDC509-B0B1-49DC-9A0B-F03C76C59F6D}"
EndProject
Project("{FAE04EC0-301F-11D3-BF4B-00C04F79EFBC}") = "StudentApp.Core", "StudentApp.Core\StudentApp.Core.csproj", "{3E16091B-C47C-4B52-A08E-DCCC49F20DC6}"
EndProject
Project("{FAE04EC0-301F-11D3-BF4B-00C04F79EFBC}") = "StudentApp.EntityFrameworkCore", "StudentApp.EntityFrameworkCore\StudentApp.EntityFrameworkCore.csproj", "{464F41E3-B201-4B6D-BFA5-7CC91AC9F167}"
EndProject
Global
	GlobalSection(SolutionConfigurationPlatforms) = preSolution
		Debug|Any CPU = Debug|Any CPU
		Release|Any CPU = Release|Any CPU
	EndGlobalSection
	GlobalSection(ProjectConfigurationPlatforms) = postSolution
		{B7DDC509-B0B1-49DC-9A0B-F03C76C59F6D}.Debug|Any CPU.ActiveCfg = Debug|Any CPU
		{B7DDC509-B0B1-49DC-9A0B-F03C76C59F6D}.Debug|Any CPU.Build.0 = Debug|Any CPU
		{B7DDC509-B0B1-49DC-9A0B-F03C76C59F6D}.Release|Any CPU.ActiveCfg = Release|Any CPU
		{B7DDC509-B0B1-49DC-9A0B-F03C76C59F6D}.Release|Any CPU.Build.0 = Release|Any CPU
		{3E16091B-C47C-4B52-A08E-DCCC49F20DC6}.Debug|Any CPU.ActiveCfg = Debug|Any CPU
		{3E16091B-C47C-4B52-A08E-DCCC49F20DC6}.Debug|Any CPU.Build.0 = Debug|Any CPU
		{3E16091B-C47C-4B52-A08E-DCCC49F20DC6}.Release|Any CPU.ActiveCfg = Release|Any CPU
		{3E16091B-C47C-4B52-A08E-DCCC49F20DC6}.Release|Any CPU.Build.0 = Release|Any CPU
		{464F41E3-B201-4B6D-BFA5-7CC91AC9F167}.Debug|Any CPU.ActiveCfg = Debug|Any CPU
		{464F41E3-B201-4B6D-BFA5-7CC91AC9F167}.Debug|Any CPU.Build.0 = Debug|Any CPU
		{464F41E3-B201-4B6D-BFA5-7CC91AC9F167}.Release|Any CPU.ActiveCfg = Release|Any CPU
		{464F41E3-B201-4B6D-BFA5-7CC91AC9F167}.Release|Any CPU.Build.0 = Release|Any CPU
	EndGlobalSection
	GlobalSection(SolutionProperties) = preSolution
		HideSolutionNode = FALSE
	EndGlobalSection
	GlobalSection(ExtensibilityGlobals) = postSolution
		SolutionGuid = {159EFB21-6658-4A06-9C67-D3E428B8E114}
	EndGlobalSection
EndGlobal
